
Microsoft Visual Studio Solution File, Format Version 12.00
# Visual Studio Version 17
VisualStudioVersion = 17.14.36203.30 d17.14
MinimumVisualStudioVersion = 10.0.40219.1
Project("{FAE04EC0-301F-11D3-BF4B-00C04F79EFBC}") = "ColiboAssignment", "ColiboAssignment.csproj", "{C23700F6-538C-484B-8AA2-4BF8411047EC}"
EndProject
Global
	GlobalSection(SolutionConfigurationPlatforms) = preSolution
		Debug|Any CPU = Debug|Any CPU
		Release|Any CPU = Release|Any CPU
	EndGlobalSection
	GlobalSection(ProjectConfigurationPlatforms) = postSolution
		{C23700F6-538C-484B-8AA2-4BF8411047EC}.Debug|Any CPU.ActiveCfg = Debug|Any CPU
		{C23700F6-538C-484B-8AA2-4BF8411047EC}.Debug|Any CPU.Build.0 = Debug|Any CPU
		{C23700F6-538C-484B-8AA2-4BF8411047EC}.Release|Any CPU.ActiveCfg = Release|Any CPU
		{C23700F6-538C-484B-8AA2-4BF8411047EC}.Release|Any CPU.Build.0 = Release|Any CPU
	EndGlobalSection
	GlobalSection(SolutionProperties) = preSolution
		HideSolutionNode = FALSE
	EndGlobalSection
	GlobalSection(ExtensibilityGlobals) = postSolution
		SolutionGuid = {6406EC1F-6E99-4BC7-BBC1-70B53C948C9A}
	EndGlobalSection
EndGlobal
